// !$*UTF8*$!
{
	archiveVersion = 1;
	classes = {
	};
	objectVersion = 55;
	objects = {

/* Begin PBXBuildFile section */
		8C9ED343273E7917007D7509 /* AppDelegate.swift in Sources */ = {isa = PBXBuildFile; fileRef = 8C9ED342273E7917007D7509 /* AppDelegate.swift */; };
		8C9ED345273E7917007D7509 /* SceneDelegate.swift in Sources */ = {isa = PBXBuildFile; fileRef = 8C9ED344273E7917007D7509 /* SceneDelegate.swift */; };
		8C9ED347273E7917007D7509 /* HomeViewController.swift in Sources */ = {isa = PBXBuildFile; fileRef = 8C9ED346273E7917007D7509 /* HomeViewController.swift */; };
		8C9ED34C273E791A007D7509 /* Assets.xcassets in Resources */ = {isa = PBXBuildFile; fileRef = 8C9ED34B273E791A007D7509 /* Assets.xcassets */; };
		8C9ED34F273E791A007D7509 /* LaunchScreen.storyboard in Resources */ = {isa = PBXBuildFile; fileRef = 8C9ED34D273E791A007D7509 /* LaunchScreen.storyboard */; };
		8C9ED358273E7A2A007D7509 /* Coordinator.swift in Sources */ = {isa = PBXBuildFile; fileRef = 8C9ED357273E7A2A007D7509 /* Coordinator.swift */; };
		8C9ED35A273E7A37007D7509 /* RootCoordinator.swift in Sources */ = {isa = PBXBuildFile; fileRef = 8C9ED359273E7A37007D7509 /* RootCoordinator.swift */; };
		8C9ED35F273E82EA007D7509 /* MainCoordinator.swift in Sources */ = {isa = PBXBuildFile; fileRef = 8C9ED35E273E82EA007D7509 /* MainCoordinator.swift */; };
		8C9ED362273E84AC007D7509 /* HomeCoordinator.swift in Sources */ = {isa = PBXBuildFile; fileRef = 8C9ED361273E84AC007D7509 /* HomeCoordinator.swift */; };
		8C9ED365273E87D5007D7509 /* MyProfileViewController.swift in Sources */ = {isa = PBXBuildFile; fileRef = 8C9ED364273E87D5007D7509 /* MyProfileViewController.swift */; };
		8C9ED367273E8813007D7509 /* MyProfileCoordinator.swift in Sources */ = {isa = PBXBuildFile; fileRef = 8C9ED366273E8813007D7509 /* MyProfileCoordinator.swift */; };
		8C9ED36B273E8C73007D7509 /* HeaderCollectionCell.swift in Sources */ = {isa = PBXBuildFile; fileRef = 8C9ED36A273E8C73007D7509 /* HeaderCollectionCell.swift */; };
		8C9ED36F273EAFFD007D7509 /* ContentCollectionCell.swift in Sources */ = {isa = PBXBuildFile; fileRef = 8C9ED36E273EAFFD007D7509 /* ContentCollectionCell.swift */; };
		8C9ED376273EBA9C007D7509 /* UICollectionViewExtensions.swift in Sources */ = {isa = PBXBuildFile; fileRef = 8C9ED375273EBA9C007D7509 /* UICollectionViewExtensions.swift */; };
		8CB9108E27429AC4001E85D5 /* HomeViewModel.swift in Sources */ = {isa = PBXBuildFile; fileRef = 8CB9108D27429AC4001E85D5 /* HomeViewModel.swift */; };
		8CB9109027429BC0001E85D5 /* HomeTab.swift in Sources */ = {isa = PBXBuildFile; fileRef = 8CB9108F27429BC0001E85D5 /* HomeTab.swift */; };
		8CB9109227429DC0001E85D5 /* Main.storyboard in Resources */ = {isa = PBXBuildFile; fileRef = 8CB9109127429DC0001E85D5 /* Main.storyboard */; };
		8CB910952742A03F001E85D5 /* DataService.swift in Sources */ = {isa = PBXBuildFile; fileRef = 8CB910942742A03F001E85D5 /* DataService.swift */; };
		8CB910972742A662001E85D5 /* MyProfileViewModel.swift in Sources */ = {isa = PBXBuildFile; fileRef = 8CB910962742A662001E85D5 /* MyProfileViewModel.swift */; };
		8CB9109A2742AA41001E85D5 /* TvMazeServices.swift in Sources */ = {isa = PBXBuildFile; fileRef = 8CB910992742AA41001E85D5 /* TvMazeServices.swift */; };
		8CB9109C2742AAB1001E85D5 /* TVMazeShow.swift in Sources */ = {isa = PBXBuildFile; fileRef = 8CB9109B2742AAB1001E85D5 /* TVMazeShow.swift */; };
		8CB9109E2742BA77001E85D5 /* MoviesCoordinator.swift in Sources */ = {isa = PBXBuildFile; fileRef = 8CB9109D2742BA77001E85D5 /* MoviesCoordinator.swift */; };
		8CB910A12742BAD4001E85D5 /* MoviesViewController.swift in Sources */ = {isa = PBXBuildFile; fileRef = 8CB910A02742BAD4001E85D5 /* MoviesViewController.swift */; };
		8CB910A32742BAF1001E85D5 /* MoviesViewModel.swift in Sources */ = {isa = PBXBuildFile; fileRef = 8CB910A22742BAF1001E85D5 /* MoviesViewModel.swift */; };
		8CB910A52742C2A1001E85D5 /* MoviesTableViewCell.swift in Sources */ = {isa = PBXBuildFile; fileRef = 8CB910A42742C2A1001E85D5 /* MoviesTableViewCell.swift */; };
/* End PBXBuildFile section */

/* Begin PBXFileReference section */
		8C9ED33F273E7917007D7509 /* CoordinatorPractice.app */ = {isa = PBXFileReference; explicitFileType = wrapper.application; includeInIndex = 0; path = CoordinatorPractice.app; sourceTree = BUILT_PRODUCTS_DIR; };
		8C9ED342273E7917007D7509 /* AppDelegate.swift */ = {isa = PBXFileReference; lastKnownFileType = sourcecode.swift; path = AppDelegate.swift; sourceTree = "<group>"; };
		8C9ED344273E7917007D7509 /* SceneDelegate.swift */ = {isa = PBXFileReference; lastKnownFileType = sourcecode.swift; path = SceneDelegate.swift; sourceTree = "<group>"; };
		8C9ED346273E7917007D7509 /* HomeViewController.swift */ = {isa = PBXFileReference; lastKnownFileType = sourcecode.swift; path = HomeViewController.swift; sourceTree = "<group>"; };
		8C9ED34B273E791A007D7509 /* Assets.xcassets */ = {isa = PBXFileReference; lastKnownFileType = folder.assetcatalog; path = Assets.xcassets; sourceTree = "<group>"; };
		8C9ED34E273E791A007D7509 /* Base */ = {isa = PBXFileReference; lastKnownFileType = file.storyboard; name = Base; path = Base.lproj/LaunchScreen.storyboard; sourceTree = "<group>"; };
		8C9ED350273E791A007D7509 /* Info.plist */ = {isa = PBXFileReference; lastKnownFileType = text.plist.xml; path = Info.plist; sourceTree = "<group>"; };
		8C9ED357273E7A2A007D7509 /* Coordinator.swift */ = {isa = PBXFileReference; lastKnownFileType = sourcecode.swift; path = Coordinator.swift; sourceTree = "<group>"; };
		8C9ED359273E7A37007D7509 /* RootCoordinator.swift */ = {isa = PBXFileReference; lastKnownFileType = sourcecode.swift; path = RootCoordinator.swift; sourceTree = "<group>"; };
		8C9ED35E273E82EA007D7509 /* MainCoordinator.swift */ = {isa = PBXFileReference; lastKnownFileType = sourcecode.swift; path = MainCoordinator.swift; sourceTree = "<group>"; };
		8C9ED361273E84AC007D7509 /* HomeCoordinator.swift */ = {isa = PBXFileReference; lastKnownFileType = sourcecode.swift; path = HomeCoordinator.swift; sourceTree = "<group>"; };
		8C9ED364273E87D5007D7509 /* MyProfileViewController.swift */ = {isa = PBXFileReference; lastKnownFileType = sourcecode.swift; path = MyProfileViewController.swift; sourceTree = "<group>"; };
		8C9ED366273E8813007D7509 /* MyProfileCoordinator.swift */ = {isa = PBXFileReference; lastKnownFileType = sourcecode.swift; path = MyProfileCoordinator.swift; sourceTree = "<group>"; };
		8C9ED36A273E8C73007D7509 /* HeaderCollectionCell.swift */ = {isa = PBXFileReference; lastKnownFileType = sourcecode.swift; path = HeaderCollectionCell.swift; sourceTree = "<group>"; };
		8C9ED36E273EAFFD007D7509 /* ContentCollectionCell.swift */ = {isa = PBXFileReference; lastKnownFileType = sourcecode.swift; path = ContentCollectionCell.swift; sourceTree = "<group>"; };
		8C9ED375273EBA9C007D7509 /* UICollectionViewExtensions.swift */ = {isa = PBXFileReference; lastKnownFileType = sourcecode.swift; path = UICollectionViewExtensions.swift; sourceTree = "<group>"; };
		8CB9108D27429AC4001E85D5 /* HomeViewModel.swift */ = {isa = PBXFileReference; lastKnownFileType = sourcecode.swift; path = HomeViewModel.swift; sourceTree = "<group>"; };
		8CB9108F27429BC0001E85D5 /* HomeTab.swift */ = {isa = PBXFileReference; lastKnownFileType = sourcecode.swift; path = HomeTab.swift; sourceTree = "<group>"; };
		8CB9109127429DC0001E85D5 /* Main.storyboard */ = {isa = PBXFileReference; fileEncoding = 4; lastKnownFileType = file.storyboard; path = Main.storyboard; sourceTree = "<group>"; };
		8CB910942742A03F001E85D5 /* DataService.swift */ = {isa = PBXFileReference; lastKnownFileType = sourcecode.swift; path = DataService.swift; sourceTree = "<group>"; };
		8CB910962742A662001E85D5 /* MyProfileViewModel.swift */ = {isa = PBXFileReference; lastKnownFileType = sourcecode.swift; path = MyProfileViewModel.swift; sourceTree = "<group>"; };
		8CB910992742AA41001E85D5 /* TvMazeServices.swift */ = {isa = PBXFileReference; lastKnownFileType = sourcecode.swift; path = TvMazeServices.swift; sourceTree = "<group>"; };
		8CB9109B2742AAB1001E85D5 /* TVMazeShow.swift */ = {isa = PBXFileReference; lastKnownFileType = sourcecode.swift; path = TVMazeShow.swift; sourceTree = "<group>"; };
		8CB9109D2742BA77001E85D5 /* MoviesCoordinator.swift */ = {isa = PBXFileReference; lastKnownFileType = sourcecode.swift; path = MoviesCoordinator.swift; sourceTree = "<group>"; };
		8CB910A02742BAD4001E85D5 /* MoviesViewController.swift */ = {isa = PBXFileReference; lastKnownFileType = sourcecode.swift; path = MoviesViewController.swift; sourceTree = "<group>"; };
		8CB910A22742BAF1001E85D5 /* MoviesViewModel.swift */ = {isa = PBXFileReference; lastKnownFileType = sourcecode.swift; path = MoviesViewModel.swift; sourceTree = "<group>"; };
		8CB910A42742C2A1001E85D5 /* MoviesTableViewCell.swift */ = {isa = PBXFileReference; lastKnownFileType = sourcecode.swift; path = MoviesTableViewCell.swift; sourceTree = "<group>"; };
/* End PBXFileReference section */

/* Begin PBXFrameworksBuildPhase section */
		8C9ED33C273E7917007D7509 /* Frameworks */ = {
			isa = PBXFrameworksBuildPhase;
			buildActionMask = 2147483647;
			files = (
			);
			runOnlyForDeploymentPostprocessing = 0;
		};
/* End PBXFrameworksBuildPhase section */

/* Begin PBXGroup section */
		8C9ED336273E7917007D7509 = {
			isa = PBXGroup;
			children = (
				8C9ED341273E7917007D7509 /* CoordinatorPractice */,
				8C9ED340273E7917007D7509 /* Products */,
			);
			sourceTree = "<group>";
		};
		8C9ED340273E7917007D7509 /* Products */ = {
			isa = PBXGroup;
			children = (
				8C9ED33F273E7917007D7509 /* CoordinatorPractice.app */,
			);
			name = Products;
			sourceTree = "<group>";
		};
		8C9ED341273E7917007D7509 /* CoordinatorPractice */ = {
			isa = PBXGroup;
			children = (
				8C9ED342273E7917007D7509 /* AppDelegate.swift */,
				8C9ED344273E7917007D7509 /* SceneDelegate.swift */,
				8CB9109327429DF1001E85D5 /* Services */,
				8C9ED356273E7A22007D7509 /* UI */,
				8C9ED373273EBA86007D7509 /* Extensions */,
				8C9ED34B273E791A007D7509 /* Assets.xcassets */,
				8C9ED34D273E791A007D7509 /* LaunchScreen.storyboard */,
				8C9ED350273E791A007D7509 /* Info.plist */,
				8CB9109127429DC0001E85D5 /* Main.storyboard */,
			);
			path = CoordinatorPractice;
			sourceTree = "<group>";
		};
		8C9ED356273E7A22007D7509 /* UI */ = {
			isa = PBXGroup;
			children = (
				8C9ED360273E84A1007D7509 /* Home */,
				8C9ED363273E87AD007D7509 /* MyProfile */,
				8CB9109F2742BA8D001E85D5 /* Movies */,
				8C9ED35D273E82DD007D7509 /* Main */,
				8C9ED357273E7A2A007D7509 /* Coordinator.swift */,
				8C9ED359273E7A37007D7509 /* RootCoordinator.swift */,
			);
			path = UI;
			sourceTree = "<group>";
		};
		8C9ED35D273E82DD007D7509 /* Main */ = {
			isa = PBXGroup;
			children = (
				8C9ED35E273E82EA007D7509 /* MainCoordinator.swift */,
			);
			path = Main;
			sourceTree = "<group>";
		};
		8C9ED360273E84A1007D7509 /* Home */ = {
			isa = PBXGroup;
			children = (
				8C9ED368273E8C54007D7509 /* Cells */,
				8C9ED361273E84AC007D7509 /* HomeCoordinator.swift */,
				8CB9108D27429AC4001E85D5 /* HomeViewModel.swift */,
				8CB9108F27429BC0001E85D5 /* HomeTab.swift */,
				8C9ED346273E7917007D7509 /* HomeViewController.swift */,
			);
			path = Home;
			sourceTree = "<group>";
		};
		8C9ED363273E87AD007D7509 /* MyProfile */ = {
			isa = PBXGroup;
			children = (
				8C9ED366273E8813007D7509 /* MyProfileCoordinator.swift */,
				8C9ED364273E87D5007D7509 /* MyProfileViewController.swift */,
				8CB910962742A662001E85D5 /* MyProfileViewModel.swift */,
			);
			path = MyProfile;
			sourceTree = "<group>";
		};
		8C9ED368273E8C54007D7509 /* Cells */ = {
			isa = PBXGroup;
			children = (
				8C9ED36A273E8C73007D7509 /* HeaderCollectionCell.swift */,
				8C9ED36E273EAFFD007D7509 /* ContentCollectionCell.swift */,
			);
			path = Cells;
			sourceTree = "<group>";
		};
		8C9ED373273EBA86007D7509 /* Extensions */ = {
			isa = PBXGroup;
			children = (
				8C9ED374273EBA8D007D7509 /* UI */,
			);
			path = Extensions;
			sourceTree = "<group>";
		};
		8C9ED374273EBA8D007D7509 /* UI */ = {
			isa = PBXGroup;
			children = (
				8C9ED375273EBA9C007D7509 /* UICollectionViewExtensions.swift */,
			);
			path = UI;
			sourceTree = "<group>";
		};
		8CB9109327429DF1001E85D5 /* Services */ = {
			isa = PBXGroup;
			children = (
				8CB910982742AA10001E85D5 /* TVMaze */,
				8CB910942742A03F001E85D5 /* DataService.swift */,
			);
			path = Services;
			sourceTree = "<group>";
		};
		8CB910982742AA10001E85D5 /* TVMaze */ = {
			isa = PBXGroup;
			children = (
				8CB910992742AA41001E85D5 /* TvMazeServices.swift */,
				8CB9109B2742AAB1001E85D5 /* TVMazeShow.swift */,
			);
			path = TVMaze;
			sourceTree = "<group>";
		};
		8CB9109F2742BA8D001E85D5 /* Movies */ = {
			isa = PBXGroup;
			children = (
				8CB910A62742C2A6001E85D5 /* Cells */,
				8CB9109D2742BA77001E85D5 /* MoviesCoordinator.swift */,
				8CB910A02742BAD4001E85D5 /* MoviesViewController.swift */,
				8CB910A22742BAF1001E85D5 /* MoviesViewModel.swift */,
				8CB910A42742C2A1001E85D5 /* MoviesTableViewCell.swift */,
			);
			path = Movies;
			sourceTree = "<group>";
		};
		8CB910A62742C2A6001E85D5 /* Cells */ = {
			isa = PBXGroup;
			children = (
			);
			path = Cells;
			sourceTree = "<group>";
		};
/* End PBXGroup section */

/* Begin PBXNativeTarget section */
		8C9ED33E273E7917007D7509 /* CoordinatorPractice */ = {
			isa = PBXNativeTarget;
			buildConfigurationList = 8C9ED353273E791A007D7509 /* Build configuration list for PBXNativeTarget "CoordinatorPractice" */;
			buildPhases = (
				8C9ED33B273E7917007D7509 /* Sources */,
				8C9ED33C273E7917007D7509 /* Frameworks */,
				8C9ED33D273E7917007D7509 /* Resources */,
			);
			buildRules = (
			);
			dependencies = (
			);
			name = CoordinatorPractice;
			productName = CoordinatorPractice;
			productReference = 8C9ED33F273E7917007D7509 /* CoordinatorPractice.app */;
			productType = "com.apple.product-type.application";
		};
/* End PBXNativeTarget section */

/* Begin PBXProject section */
		8C9ED337273E7917007D7509 /* Project object */ = {
			isa = PBXProject;
			attributes = {
				BuildIndependentTargetsInParallel = 1;
				LastSwiftUpdateCheck = 1310;
				LastUpgradeCheck = 1310;
				TargetAttributes = {
					8C9ED33E273E7917007D7509 = {
						CreatedOnToolsVersion = 13.1;
					};
				};
			};
			buildConfigurationList = 8C9ED33A273E7917007D7509 /* Build configuration list for PBXProject "CoordinatorPractice" */;
			compatibilityVersion = "Xcode 13.0";
			developmentRegion = en;
			hasScannedForEncodings = 0;
			knownRegions = (
				en,
				Base,
			);
			mainGroup = 8C9ED336273E7917007D7509;
			productRefGroup = 8C9ED340273E7917007D7509 /* Products */;
			projectDirPath = "";
			projectRoot = "";
			targets = (
				8C9ED33E273E7917007D7509 /* CoordinatorPractice */,
			);
		};
/* End PBXProject section */

/* Begin PBXResourcesBuildPhase section */
		8C9ED33D273E7917007D7509 /* Resources */ = {
			isa = PBXResourcesBuildPhase;
			buildActionMask = 2147483647;
			files = (
				8CB9109227429DC0001E85D5 /* Main.storyboard in Resources */,
				8C9ED34F273E791A007D7509 /* LaunchScreen.storyboard in Resources */,
				8C9ED34C273E791A007D7509 /* Assets.xcassets in Resources */,
			);
			runOnlyForDeploymentPostprocessing = 0;
		};
/* End PBXResourcesBuildPhase section */

/* Begin PBXSourcesBuildPhase section */
		8C9ED33B273E7917007D7509 /* Sources */ = {
			isa = PBXSourcesBuildPhase;
			buildActionMask = 2147483647;
			files = (
				8C9ED358273E7A2A007D7509 /* Coordinator.swift in Sources */,
				8CB9109C2742AAB1001E85D5 /* TVMazeShow.swift in Sources */,
				8C9ED36F273EAFFD007D7509 /* ContentCollectionCell.swift in Sources */,
				8C9ED36B273E8C73007D7509 /* HeaderCollectionCell.swift in Sources */,
				8CB910A32742BAF1001E85D5 /* MoviesViewModel.swift in Sources */,
				8C9ED35F273E82EA007D7509 /* MainCoordinator.swift in Sources */,
				8CB910A52742C2A1001E85D5 /* MoviesTableViewCell.swift in Sources */,
				8C9ED376273EBA9C007D7509 /* UICollectionViewExtensions.swift in Sources */,
				8C9ED347273E7917007D7509 /* HomeViewController.swift in Sources */,
				8C9ED35A273E7A37007D7509 /* RootCoordinator.swift in Sources */,
				8C9ED343273E7917007D7509 /* AppDelegate.swift in Sources */,
				8CB9108E27429AC4001E85D5 /* HomeViewModel.swift in Sources */,
				8CB910972742A662001E85D5 /* MyProfileViewModel.swift in Sources */,
				8CB910A12742BAD4001E85D5 /* MoviesViewController.swift in Sources */,
				8CB910952742A03F001E85D5 /* DataService.swift in Sources */,
				8C9ED367273E8813007D7509 /* MyProfileCoordinator.swift in Sources */,
				8C9ED362273E84AC007D7509 /* HomeCoordinator.swift in Sources */,
				8C9ED365273E87D5007D7509 /* MyProfileViewController.swift in Sources */,
				8CB9109A2742AA41001E85D5 /* TvMazeServices.swift in Sources */,
				8CB9109E2742BA77001E85D5 /* MoviesCoordinator.swift in Sources */,
				8CB9109027429BC0001E85D5 /* HomeTab.swift in Sources */,
				8C9ED345273E7917007D7509 /* SceneDelegate.swift in Sources */,
			);
			runOnlyForDeploymentPostprocessing = 0;
		};
/* End PBXSourcesBuildPhase section */

/* Begin PBXVariantGroup section */
		8C9ED34D273E791A007D7509 /* LaunchScreen.storyboard */ = {
			isa = PBXVariantGroup;
			children = (
				8C9ED34E273E791A007D7509 /* Base */,
			);
			name = LaunchScreen.storyboard;
			sourceTree = "<group>";
		};
/* End PBXVariantGroup section */

/* Begin XCBuildConfiguration section */
		8C9ED351273E791A007D7509 /* Debug */ = {
			isa = XCBuildConfiguration;
			buildSettings = {
				ALWAYS_SEARCH_USER_PATHS = NO;
				CLANG_ANALYZER_NONNULL = YES;
				CLANG_ANALYZER_NUMBER_OBJECT_CONVERSION = YES_AGGRESSIVE;
				CLANG_CXX_LANGUAGE_STANDARD = "gnu++17";
				CLANG_CXX_LIBRARY = "libc++";
				CLANG_ENABLE_MODULES = YES;
				CLANG_ENABLE_OBJC_ARC = YES;
				CLANG_ENABLE_OBJC_WEAK = YES;
				CLANG_WARN_BLOCK_CAPTURE_AUTORELEASING = YES;
				CLANG_WARN_BOOL_CONVERSION = YES;
				CLANG_WARN_COMMA = YES;
				CLANG_WARN_CONSTANT_CONVERSION = YES;
				CLANG_WARN_DEPRECATED_OBJC_IMPLEMENTATIONS = YES;
				CLANG_WARN_DIRECT_OBJC_ISA_USAGE = YES_ERROR;
				CLANG_WARN_DOCUMENTATION_COMMENTS = YES;
				CLANG_WARN_EMPTY_BODY = YES;
				CLANG_WARN_ENUM_CONVERSION = YES;
				CLANG_WARN_INFINITE_RECURSION = YES;
				CLANG_WARN_INT_CONVERSION = YES;
				CLANG_WARN_NON_LITERAL_NULL_CONVERSION = YES;
				CLANG_WARN_OBJC_IMPLICIT_RETAIN_SELF = YES;
				CLANG_WARN_OBJC_LITERAL_CONVERSION = YES;
				CLANG_WARN_OBJC_ROOT_CLASS = YES_ERROR;
				CLANG_WARN_QUOTED_INCLUDE_IN_FRAMEWORK_HEADER = YES;
				CLANG_WARN_RANGE_LOOP_ANALYSIS = YES;
				CLANG_WARN_STRICT_PROTOTYPES = YES;
				CLANG_WARN_SUSPICIOUS_MOVE = YES;
				CLANG_WARN_UNGUARDED_AVAILABILITY = YES_AGGRESSIVE;
				CLANG_WARN_UNREACHABLE_CODE = YES;
				CLANG_WARN__DUPLICATE_METHOD_MATCH = YES;
				COPY_PHASE_STRIP = NO;
				DEBUG_INFORMATION_FORMAT = dwarf;
				ENABLE_STRICT_OBJC_MSGSEND = YES;
				ENABLE_TESTABILITY = YES;
				GCC_C_LANGUAGE_STANDARD = gnu11;
				GCC_DYNAMIC_NO_PIC = NO;
				GCC_NO_COMMON_BLOCKS = YES;
				GCC_OPTIMIZATION_LEVEL = 0;
				GCC_PREPROCESSOR_DEFINITIONS = (
					"DEBUG=1",
					"$(inherited)",
				);
				GCC_WARN_64_TO_32_BIT_CONVERSION = YES;
				GCC_WARN_ABOUT_RETURN_TYPE = YES_ERROR;
				GCC_WARN_UNDECLARED_SELECTOR = YES;
				GCC_WARN_UNINITIALIZED_AUTOS = YES_AGGRESSIVE;
				GCC_WARN_UNUSED_FUNCTION = YES;
				GCC_WARN_UNUSED_VARIABLE = YES;
				IPHONEOS_DEPLOYMENT_TARGET = 15.0;
				MTL_ENABLE_DEBUG_INFO = INCLUDE_SOURCE;
				MTL_FAST_MATH = YES;
				ONLY_ACTIVE_ARCH = YES;
				SDKROOT = iphoneos;
				SWIFT_ACTIVE_COMPILATION_CONDITIONS = DEBUG;
				SWIFT_OPTIMIZATION_LEVEL = "-Onone";
			};
			name = Debug;
		};
		8C9ED352273E791A007D7509 /* Release */ = {
			isa = XCBuildConfiguration;
			buildSettings = {
				ALWAYS_SEARCH_USER_PATHS = NO;
				CLANG_ANALYZER_NONNULL = YES;
				CLANG_ANALYZER_NUMBER_OBJECT_CONVERSION = YES_AGGRESSIVE;
				CLANG_CXX_LANGUAGE_STANDARD = "gnu++17";
				CLANG_CXX_LIBRARY = "libc++";
				CLANG_ENABLE_MODULES = YES;
				CLANG_ENABLE_OBJC_ARC = YES;
				CLANG_ENABLE_OBJC_WEAK = YES;
				CLANG_WARN_BLOCK_CAPTURE_AUTORELEASING = YES;
				CLANG_WARN_BOOL_CONVERSION = YES;
				CLANG_WARN_COMMA = YES;
				CLANG_WARN_CONSTANT_CONVERSION = YES;
				CLANG_WARN_DEPRECATED_OBJC_IMPLEMENTATIONS = YES;
				CLANG_WARN_DIRECT_OBJC_ISA_USAGE = YES_ERROR;
				CLANG_WARN_DOCUMENTATION_COMMENTS = YES;
				CLANG_WARN_EMPTY_BODY = YES;
				CLANG_WARN_ENUM_CONVERSION = YES;
				CLANG_WARN_INFINITE_RECURSION = YES;
				CLANG_WARN_INT_CONVERSION = YES;
				CLANG_WARN_NON_LITERAL_NULL_CONVERSION = YES;
				CLANG_WARN_OBJC_IMPLICIT_RETAIN_SELF = YES;
				CLANG_WARN_OBJC_LITERAL_CONVERSION = YES;
				CLANG_WARN_OBJC_ROOT_CLASS = YES_ERROR;
				CLANG_WARN_QUOTED_INCLUDE_IN_FRAMEWORK_HEADER = YES;
				CLANG_WARN_RANGE_LOOP_ANALYSIS = YES;
				CLANG_WARN_STRICT_PROTOTYPES = YES;
				CLANG_WARN_SUSPICIOUS_MOVE = YES;
				CLANG_WARN_UNGUARDED_AVAILABILITY = YES_AGGRESSIVE;
				CLANG_WARN_UNREACHABLE_CODE = YES;
				CLANG_WARN__DUPLICATE_METHOD_MATCH = YES;
				COPY_PHASE_STRIP = NO;
				DEBUG_INFORMATION_FORMAT = "dwarf-with-dsym";
				ENABLE_NS_ASSERTIONS = NO;
				ENABLE_STRICT_OBJC_MSGSEND = YES;
				GCC_C_LANGUAGE_STANDARD = gnu11;
				GCC_NO_COMMON_BLOCKS = YES;
				GCC_WARN_64_TO_32_BIT_CONVERSION = YES;
				GCC_WARN_ABOUT_RETURN_TYPE = YES_ERROR;
				GCC_WARN_UNDECLARED_SELECTOR = YES;
				GCC_WARN_UNINITIALIZED_AUTOS = YES_AGGRESSIVE;
				GCC_WARN_UNUSED_FUNCTION = YES;
				GCC_WARN_UNUSED_VARIABLE = YES;
				IPHONEOS_DEPLOYMENT_TARGET = 15.0;
				MTL_ENABLE_DEBUG_INFO = NO;
				MTL_FAST_MATH = YES;
				SDKROOT = iphoneos;
				SWIFT_COMPILATION_MODE = wholemodule;
				SWIFT_OPTIMIZATION_LEVEL = "-O";
				VALIDATE_PRODUCT = YES;
			};
			name = Release;
		};
		8C9ED354273E791A007D7509 /* Debug */ = {
			isa = XCBuildConfiguration;
			buildSettings = {
				ASSETCATALOG_COMPILER_APPICON_NAME = AppIcon;
				ASSETCATALOG_COMPILER_GLOBAL_ACCENT_COLOR_NAME = AccentColor;
				CODE_SIGN_STYLE = Automatic;
				CURRENT_PROJECT_VERSION = 1;
				GENERATE_INFOPLIST_FILE = YES;
				INFOPLIST_FILE = CoordinatorPractice/Info.plist;
				INFOPLIST_KEY_UIApplicationSupportsIndirectInputEvents = YES;
				INFOPLIST_KEY_UILaunchStoryboardName = LaunchScreen;
				INFOPLIST_KEY_UIMainStoryboardFile = Main;
				INFOPLIST_KEY_UISupportedInterfaceOrientations_iPad = "UIInterfaceOrientationPortrait UIInterfaceOrientationPortraitUpsideDown UIInterfaceOrientationLandscapeLeft UIInterfaceOrientationLandscapeRight";
				INFOPLIST_KEY_UISupportedInterfaceOrientations_iPhone = "UIInterfaceOrientationPortrait UIInterfaceOrientationLandscapeLeft UIInterfaceOrientationLandscapeRight";
				LD_RUNPATH_SEARCH_PATHS = (
					"$(inherited)",
					"@executable_path/Frameworks",
				);
				MARKETING_VERSION = 1.0;
				PRODUCT_BUNDLE_IDENTIFIER = com.cobeisfresh.CoordinatorPractice;
				PRODUCT_NAME = "$(TARGET_NAME)";
				SWIFT_EMIT_LOC_STRINGS = YES;
				SWIFT_VERSION = 5.0;
				TARGETED_DEVICE_FAMILY = "1,2";
			};
			name = Debug;
		};
		8C9ED355273E791A007D7509 /* Release */ = {
			isa = XCBuildConfiguration;
			buildSettings = {
				ASSETCATALOG_COMPILER_APPICON_NAME = AppIcon;
				ASSETCATALOG_COMPILER_GLOBAL_ACCENT_COLOR_NAME = AccentColor;
				CODE_SIGN_STYLE = Automatic;
				CURRENT_PROJECT_VERSION = 1;
				GENERATE_INFOPLIST_FILE = YES;
				INFOPLIST_FILE = CoordinatorPractice/Info.plist;
				INFOPLIST_KEY_UIApplicationSupportsIndirectInputEvents = YES;
				INFOPLIST_KEY_UILaunchStoryboardName = LaunchScreen;
				INFOPLIST_KEY_UIMainStoryboardFile = Main;
				INFOPLIST_KEY_UISupportedInterfaceOrientations_iPad = "UIInterfaceOrientationPortrait UIInterfaceOrientationPortraitUpsideDown UIInterfaceOrientationLandscapeLeft UIInterfaceOrientationLandscapeRight";
				INFOPLIST_KEY_UISupportedInterfaceOrientations_iPhone = "UIInterfaceOrientationPortrait UIInterfaceOrientationLandscapeLeft UIInterfaceOrientationLandscapeRight";
				LD_RUNPATH_SEARCH_PATHS = (
					"$(inherited)",
					"@executable_path/Frameworks",
				);
				MARKETING_VERSION = 1.0;
				PRODUCT_BUNDLE_IDENTIFIER = com.cobeisfresh.CoordinatorPractice;
				PRODUCT_NAME = "$(TARGET_NAME)";
				SWIFT_EMIT_LOC_STRINGS = YES;
				SWIFT_VERSION = 5.0;
				TARGETED_DEVICE_FAMILY = "1,2";
			};
			name = Release;
		};
/* End XCBuildConfiguration section */

/* Begin XCConfigurationList section */
		8C9ED33A273E7917007D7509 /* Build configuration list for PBXProject "CoordinatorPractice" */ = {
			isa = XCConfigurationList;
			buildConfigurations = (
				8C9ED351273E791A007D7509 /* Debug */,
				8C9ED352273E791A007D7509 /* Release */,
			);
			defaultConfigurationIsVisible = 0;
			defaultConfigurationName = Release;
		};
		8C9ED353273E791A007D7509 /* Build configuration list for PBXNativeTarget "CoordinatorPractice" */ = {
			isa = XCConfigurationList;
			buildConfigurations = (
				8C9ED354273E791A007D7509 /* Debug */,
				8C9ED355273E791A007D7509 /* Release */,
			);
			defaultConfigurationIsVisible = 0;
			defaultConfigurationName = Release;
		};
/* End XCConfigurationList section */
	};
	rootObject = 8C9ED337273E7917007D7509 /* Project object */;
}
